
Microsoft Visual Studio Solution File, Format Version 12.00
# Visual Studio Version 17
VisualStudioVersion = 17.5.002.0
MinimumVisualStudioVersion = 10.0.40219.1
Project("{9A19103F-16F7-4668-BE54-9A1E7A4F7556}") = "api", "api\api.csproj", "{6BC2E44B-85ED-4609-AEE6-CFF69ADB6DD3}"
EndProject
Global
	GlobalSection(SolutionConfigurationPlatforms) = preSolution
		Debug|Any CPU = Debug|Any CPU
		Release|Any CPU = Release|Any CPU
	EndGlobalSection
	GlobalSection(ProjectConfigurationPlatforms) = postSolution
		{6BC2E44B-85ED-4609-AEE6-CFF69ADB6DD3}.Debug|Any CPU.ActiveCfg = Debug|Any CPU
		{6BC2E44B-85ED-4609-AEE6-CFF69ADB6DD3}.Debug|Any CPU.Build.0 = Debug|Any CPU
		{6BC2E44B-85ED-4609-AEE6-CFF69ADB6DD3}.Release|Any CPU.ActiveCfg = Release|Any CPU
		{6BC2E44B-85ED-4609-AEE6-CFF69ADB6DD3}.Release|Any CPU.Build.0 = Release|Any CPU
	EndGlobalSection
	GlobalSection(SolutionProperties) = preSolution
		HideSolutionNode = FALSE
	EndGlobalSection
	GlobalSection(ExtensibilityGlobals) = postSolution
		SolutionGuid = {5DCEBFA9-0D05-4D56-8B63-ED64B8A21851}
	EndGlobalSection
EndGlobal
